
Microsoft Visual Studio Solution File, Format Version 12.00
# Visual Studio Version 17
VisualStudioVersion = 17.5.33530.505
MinimumVisualStudioVersion = 10.0.40219.1
Project("{9A19103F-16F7-4668-BE54-9A1E7A4F7556}") = "LibraryLoginHome.Api", "LibraryLoginHome\LibraryLoginHome.Api.csproj", "{7C22ECE2-87A8-45AA-AF2E-A1AD5135450E}"
EndProject
Project("{9A19103F-16F7-4668-BE54-9A1E7A4F7556}") = "Libraray.Application", "LibrarayApplication\Libraray.Application.csproj", "{6A5892D0-165E-457A-B2BF-6895BB3625F1}"
EndProject
Project("{9A19103F-16F7-4668-BE54-9A1E7A4F7556}") = "Library.Domain", "LibraryDomain\Library.Domain.csproj", "{F10AEE7F-99B1-4D86-9E3E-9C272B946C6F}"
EndProject
Project("{9A19103F-16F7-4668-BE54-9A1E7A4F7556}") = "Library.Infrastructure", "LibraryInfrastructure\Library.Infrastructure.csproj", "{53EEEC56-4B08-48AF-877C-84F5F9FA2495}"
EndProject
Project("{2150E333-8FDC-42A3-9474-1A3956D46DE8}") = "Solution Items", "Solution Items", "{FA11970D-A51C-4763-B259-DF2FD100235B}"
	ProjectSection(SolutionItems) = preProject
		.editorconfig = .editorconfig
	EndProjectSection
EndProject
Project("{FAE04EC0-301F-11D3-BF4B-00C04F79EFBC}") = "LibraryUI", "Libary.UI\LibraryUI.csproj", "{0C14FD4C-D144-4F9A-87FF-046472A431CC}"
EndProject
Global
	GlobalSection(SolutionConfigurationPlatforms) = preSolution
		Debug|Any CPU = Debug|Any CPU
		Release|Any CPU = Release|Any CPU
	EndGlobalSection
	GlobalSection(ProjectConfigurationPlatforms) = postSolution
		{7C22ECE2-87A8-45AA-AF2E-A1AD5135450E}.Debug|Any CPU.ActiveCfg = Debug|Any CPU
		{7C22ECE2-87A8-45AA-AF2E-A1AD5135450E}.Debug|Any CPU.Build.0 = Debug|Any CPU
		{7C22ECE2-87A8-45AA-AF2E-A1AD5135450E}.Release|Any CPU.ActiveCfg = Release|Any CPU
		{7C22ECE2-87A8-45AA-AF2E-A1AD5135450E}.Release|Any CPU.Build.0 = Release|Any CPU
		{6A5892D0-165E-457A-B2BF-6895BB3625F1}.Debug|Any CPU.ActiveCfg = Debug|Any CPU
		{6A5892D0-165E-457A-B2BF-6895BB3625F1}.Debug|Any CPU.Build.0 = Debug|Any CPU
		{6A5892D0-165E-457A-B2BF-6895BB3625F1}.Release|Any CPU.ActiveCfg = Release|Any CPU
		{6A5892D0-165E-457A-B2BF-6895BB3625F1}.Release|Any CPU.Build.0 = Release|Any CPU
		{F10AEE7F-99B1-4D86-9E3E-9C272B946C6F}.Debug|Any CPU.ActiveCfg = Debug|Any CPU
		{F10AEE7F-99B1-4D86-9E3E-9C272B946C6F}.Debug|Any CPU.Build.0 = Debug|Any CPU
		{F10AEE7F-99B1-4D86-9E3E-9C272B946C6F}.Release|Any CPU.ActiveCfg = Release|Any CPU
		{F10AEE7F-99B1-4D86-9E3E-9C272B946C6F}.Release|Any CPU.Build.0 = Release|Any CPU
		{53EEEC56-4B08-48AF-877C-84F5F9FA2495}.Debug|Any CPU.ActiveCfg = Debug|Any CPU
		{53EEEC56-4B08-48AF-877C-84F5F9FA2495}.Debug|Any CPU.Build.0 = Debug|Any CPU
		{53EEEC56-4B08-48AF-877C-84F5F9FA2495}.Release|Any CPU.ActiveCfg = Release|Any CPU
		{53EEEC56-4B08-48AF-877C-84F5F9FA2495}.Release|Any CPU.Build.0 = Release|Any CPU
		{0C14FD4C-D144-4F9A-87FF-046472A431CC}.Debug|Any CPU.ActiveCfg = Debug|Any CPU
		{0C14FD4C-D144-4F9A-87FF-046472A431CC}.Debug|Any CPU.Build.0 = Debug|Any CPU
		{0C14FD4C-D144-4F9A-87FF-046472A431CC}.Release|Any CPU.ActiveCfg = Release|Any CPU
		{0C14FD4C-D144-4F9A-87FF-046472A431CC}.Release|Any CPU.Build.0 = Release|Any CPU
	EndGlobalSection
	GlobalSection(SolutionProperties) = preSolution
		HideSolutionNode = FALSE
	EndGlobalSection
	GlobalSection(ExtensibilityGlobals) = postSolution
		SolutionGuid = {7FF1904B-DA50-4EFB-BF1E-A695C76AAF28}
	EndGlobalSection
EndGlobal
